dependencies:
  espp/base_component:
    dependencies: []
    source:
      path: /home/pswidersk/REPOS/cyber-eye/managed_components/espp__base_component
      type: local
    version: 1.0.34
  espp/cli:
    dependencies: []
    source:
      path: /home/pswidersk/REPOS/cyber-eye/managed_components/espp__cli
      type: local
    version: 1.0.34
  espp/file_system:
    dependencies: []
    source:
      path: /home/pswidersk/REPOS/cyber-eye/managed_components/espp__file_system
      type: local
    version: 1.0.34
  espp/format:
    dependencies: []
    source:
      path: /home/pswidersk/REPOS/cyber-eye/managed_components/espp__format
      type: local
    version: 1.0.34
  espp/ftp:
    dependencies: []
    source:
      path: /home/pswidersk/REPOS/cyber-eye/managed_components/espp__ftp
      type: local
    version: 1.0.34
  espp/logger:
    component_hash: 5ce7b81bbc402def13d580d9a9763b142118dd466903a3895d6dbcb1aa1cfb91
    dependencies:
    - name: espp/format
      registry_url: https://components.espressif.com
      require: private
      version: '>=1.0'
    - name: idf
      require: private
      version: '>=5.0'
    source:
      registry_url: https://components.espressif.com/
      type: service
    version: 1.0.34
  espp/rtsp:
    dependencies: []
    source:
      path: /home/pswidersk/REPOS/cyber-eye/managed_components/espp__rtsp
      type: local
    version: 1.0.34
  espp/socket:
    component_hash: ae0a26e902472a82ca4755dd8c19879f18fe4e74a61ff6bb7013651e59e45080
    dependencies:
    - name: espp/base_component
      registry_url: https://components.espressif.com
      require: private
      version: '>=1.0'
    - name: espp/task
      registry_url: https://components.espressif.com
      require: private
      version: '>=1.0'
    - name: idf
      require: private
      version: '>=5.0'
    source:
      registry_url: https://components.espressif.com/
      type: service
    version: 1.0.34
  espp/task:
    component_hash: dbc4f984fd75947bb6578a24ad865dc2eb4a31b0e234be13899d09595a64c0cb
    dependencies:
    - name: espp/base_component
      registry_url: https://components.espressif.com
      require: private
      version: '>=1.0'
    - name: idf
      require: private
      version: '>=5.0'
    source:
      registry_url: https://components.espressif.com/
      type: service
    version: 1.0.34
  espp/wifi:
    dependencies: []
    source:
      path: /home/pswidersk/REPOS/cyber-eye/managed_components/espp__wifi
      type: local
    version: 1.0.34
  espressif/cjson:
    dependencies: []
    source:
      path: /home/pswidersk/REPOS/cyber-eye/managed_components/espressif__cjson
      type: local
    version: 1.7.19
  espressif/cmake_utilities:
    dependencies: []
    source:
      path: /home/pswidersk/REPOS/cyber-eye/managed_components/espressif__cmake_utilities
      type: local
    version: 0.5.3
  espressif/dl_fft:
    dependencies: []
    source:
      path: /home/pswidersk/REPOS/cyber-eye/managed_components/espressif__dl_fft
      type: local
    version: 0.3.1
  espressif/eppp_link:
    dependencies: []
    source:
      path: /home/pswidersk/REPOS/cyber-eye/managed_components/espressif__eppp_link
      type: local
    version: 1.1.4
  espressif/esp-dsp:
    dependencies: []
    source:
      path: /home/pswidersk/REPOS/cyber-eye/managed_components/espressif__esp-dsp
      type: local
    version: 1.6.0
  espressif/esp-sr:
    dependencies: []
    source:
      path: /home/pswidersk/REPOS/cyber-eye/managed_components/espressif__esp-sr
      type: local
    version: 2.1.5
  espressif/esp_audio_codec:
    dependencies: []
    source:
      path: /home/pswidersk/REPOS/cyber-eye/managed_components/espressif__esp_audio_codec
      type: local
    version: 2.3.0
  espressif/esp_audio_effects:
    dependencies: []
    source:
      path: /home/pswidersk/REPOS/cyber-eye/managed_components/espressif__esp_audio_effects
      type: local
    version: 1.1.0
  espressif/esp_board_manager:
    dependencies: []
    source:
      path: /home/pswidersk/REPOS/cyber-eye/managed_components/espressif__esp_board_manager
      type: local
    version: 0.5.2
  espressif/esp_cam_sensor:
    dependencies: []
    source:
      path: /home/pswidersk/REPOS/cyber-eye/managed_components/espressif__esp_cam_sensor
      type: local
    version: 1.7.0
  espressif/esp_capture:
    dependencies: []
    source:
      path: /home/pswidersk/REPOS/cyber-eye/managed_components/espressif__esp_capture
      type: local
    version: 0.7.8~1
  espressif/esp_codec_dev:
    component_hash: 0d9e9bc288156eb55f79338d312e1ebf8c9dfbd5e7d13ef0f20ccb031b4e15cf
    dependencies:
    - name: idf
      require: private
      version: '>=4.0'
    source:
      registry_url: https://components.espressif.com/
      type: service
    version: 1.5.4
  espressif/esp_h264:
    dependencies: []
    source:
      path: /home/pswidersk/REPOS/cyber-eye/managed_components/espressif__esp_h264
      type: local
    version: 1.0.4
  espressif/esp_hosted:
    dependencies: []
    source:
      path: /home/pswidersk/REPOS/cyber-eye/managed_components/espressif__esp_hosted
      type: local
    version: 2.8.3
  espressif/esp_image_effects:
    dependencies: []
    source:
      path: /home/pswidersk/REPOS/cyber-eye/managed_components/espressif__esp_image_effects
      type: local
    version: 1.0.1
  espressif/esp_ipa:
    dependencies: []
    source:
      path: /home/pswidersk/REPOS/cyber-eye/managed_components/espressif__esp_ipa
      type: local
    version: 1.3.1
  espressif/esp_muxer:
    component_hash: 0e3f27c1ec96035c846b9ccc262190045e93b721defe13060d0e4ab712d98852
    dependencies:
    - name: idf
      require: private
      version: '>=4.4'
    source:
      registry_url: https://components.espressif.com/
      type: service
    version: 1.2.0
  espressif/esp_new_jpeg:
    dependencies: []
    source:
      path: /home/pswidersk/REPOS/cyber-eye/managed_components/espressif__esp_new_jpeg
      type: local
    version: 1.0.0
  espressif/esp_sccb_intf:
    component_hash: c071b189e49f40940722aea01a5489f873385cc39cd5b14012341135b85d1a9d
    dependencies:
    - name: idf
      require: private
      version: '>=5.3'
    source:
      registry_url: https://components.espressif.com/
      type: service
    version: 0.0.8
  espressif/esp_serial_slave_link:
    component_hash: ac1776806de0a6e371c84e87898bb983e19ce62aa7f1e2e5c4a3b0234a575d2c
    dependencies:
    - name: idf
      require: private
      version: '>=5.0'
    source:
      registry_url: https://components.espressif.com/
      type: service
    version: 1.1.2
  espressif/esp_video:
    component_hash: 2239aed49fa4eb1efdf3b0c2b95b05c03fc8b363c101bc2cd70f5e3bcd3c7cc4
    dependencies:
    - name: espressif/cmake_utilities
      registry_url: https://components.espressif.com
      require: private
      version: 0.*
    - name: espressif/esp_cam_sensor
      registry_url: https://components.espressif.com
      require: private
      version: 1.7.*
    - name: espressif/esp_h264
      registry_url: https://components.espressif.com
      require: private
      rules:
      - if: target in [esp32p4]
      version: 1.0.4
    - name: espressif/esp_ipa
      registry_url: https://components.espressif.com
      require: private
      rules:
      - if: target in [esp32p4]
      version: 1.3.*
    - name: idf
      require: private
      version: '>=5.4'
    - name: espressif/usb_host_uvc
      registry_url: https://components.espressif.com
      require: private
      rules:
      - if: target in [esp32p4, esp32s3]
      version: 2.4.*
    source:
      registry_url: https://components.espressif.com/
      type: service
    targets:
    - esp32p4
    - esp32s3
    - esp32c3
    - esp32c5
    - esp32c6
    - esp32c61
    version: 1.4.1
  espressif/esp_video_codec:
    dependencies: []
    source:
      path: /home/pswidersk/REPOS/cyber-eye/managed_components/espressif__esp_video_codec
      type: local
    version: 0.5.3
  espressif/esp_wifi_remote:
    dependencies: []
    source:
      path: /home/pswidersk/REPOS/cyber-eye/managed_components/espressif__esp_wifi_remote
      type: local
    version: 1.2.2
  espressif/gmf_ai_audio:
    dependencies: []
    source:
      path: /home/pswidersk/REPOS/cyber-eye/managed_components/espressif__gmf_ai_audio
      type: local
    version: 0.7.5
  espressif/gmf_app_utils:
    dependencies: []
    source:
      path: /home/pswidersk/REPOS/cyber-eye/managed_components/espressif__gmf_app_utils
      type: local
    version: 0.7.8~1
  espressif/gmf_audio:
    component_hash: 7d51b18cbfe05670d92e63f87538c795ce0e9350c86e278996d51c09aa4b30e8
    dependencies:
    - name: espressif/esp_audio_codec
      registry_url: https://components.espressif.com
      require: private
      version: ~2.3
    - name: espressif/esp_audio_effects
      registry_url: https://components.espressif.com
      require: private
      version: ~1.1
    - name: espressif/gmf_core
      registry_url: https://components.espressif.com
      require: private
      version: ^0.7
    source:
      registry_url: https://components.espressif.com/
      type: service
    version: 0.7.2
  espressif/gmf_core:
    component_hash: c93ce72be18e9c86380a0ce65929c23eb377c853fc58a888889e58b3f3624aed
    dependencies: []
    source:
      registry_url: https://components.espressif.com/
      type: service
    version: 0.7.9
  espressif/gmf_io:
    dependencies: []
    source:
      path: /home/pswidersk/REPOS/cyber-eye/managed_components/espressif__gmf_io
      type: local
    version: 0.7.6
  espressif/gmf_loader:
    dependencies: []
    source:
      path: /home/pswidersk/REPOS/cyber-eye/managed_components/espressif__gmf_loader
      type: local
    version: 0.7.3~1
  espressif/gmf_misc:
    component_hash: 2e03ac6fcd5738e9f21b35f9ff7c353713a43e62bb4e77504d53fc5fb50666f3
    dependencies:
    - name: espressif/gmf_core
      registry_url: https://components.espressif.com
      require: private
      version: '>=0.7'
    source:
      registry_url: https://components.espressif.com/
      type: service
    version: 0.7.0
  espressif/gmf_video:
    component_hash: f846518801ae7e748ecde24e5ac4b21518ca42fffb533b9d9d67a4cd7ed2c3b8
    dependencies:
    - name: espressif/esp_image_effects
      registry_url: https://components.espressif.com
      require: private
      version: ~1.0.0
    - name: espressif/esp_video_codec
      registry_url: https://components.espressif.com
      require: private
      version: ~0.5.2
    - name: espressif/gmf_core
      registry_url: https://components.espressif.com
      require: private
      version: ~0.7.0
    source:
      registry_url: https://components.espressif.com/
      type: service
    version: 0.7.1
  espressif/usb_host_uvc:
    component_hash: 197eae0d1dd5ddec773704653e0ff70e81126b8ccdb62e034ed239f755adb48c
    dependencies:
    - name: idf
      require: private
      version: '>=5.0'
    - name: espressif/usb
      registry_url: https://components.espressif.com
      require: public
      rules:
      - if: idf_version >=6.0
      - if: target not in ["linux"]
      version: ^1.0.0
    source:
      registry_url: https://components.espressif.com/
      type: service
    targets:
    - esp32s2
    - esp32s3
    - esp32p4
    - esp32h4
    - linux
    version: 2.4.1
  espressif/wifi_remote_over_eppp:
    component_hash: ac4d13625cc9f88597cd612d2758580fac287d8ec731b606f2a0720d28cda6cd
    dependencies:
    - name: espressif/eppp_link
      registry_url: https://components.espressif.com
      require: private
      version: '>=0.1'
    - name: idf
      require: private
      version: '>=5.3'
    source:
      registry_url: https://components.espressif.com/
      type: service
    version: 0.3.1
  idf:
    source:
      type: idf
    version: 5.5.2
  joltwallet/littlefs:
    component_hash: 8e12955f47e27e6070b76715a96d6c75fc2b44f069e8c33679332d9bdd3120c4
    dependencies:
    - name: idf
      require: private
      version: '>=5.0'
    source:
      registry_url: https://components.espressif.com/
      type: service
    version: 1.20.1
direct_dependencies:
- espp/base_component
- espp/cli
- espp/file_system
- espp/format
- espp/ftp
- espp/logger
- espp/rtsp
- espp/socket
- espp/task
- espp/wifi
- espressif/cjson
- espressif/cmake_utilities
- espressif/dl_fft
- espressif/eppp_link
- espressif/esp-dsp
- espressif/esp-sr
- espressif/esp_audio_codec
- espressif/esp_audio_effects
- espressif/esp_board_manager
- espressif/esp_cam_sensor
- espressif/esp_capture
- espressif/esp_codec_dev
- espressif/esp_h264
- espressif/esp_hosted
- espressif/esp_image_effects
- espressif/esp_ipa
- espressif/esp_muxer
- espressif/esp_new_jpeg
- espressif/esp_sccb_intf
- espressif/esp_serial_slave_link
- espressif/esp_video
- espressif/esp_video_codec
- espressif/esp_wifi_remote
- espressif/gmf_ai_audio
- espressif/gmf_app_utils
- espressif/gmf_audio
- espressif/gmf_core
- espressif/gmf_io
- espressif/gmf_loader
- espressif/gmf_misc
- espressif/gmf_video
- espressif/usb_host_uvc
- espressif/wifi_remote_over_eppp
- idf
- joltwallet/littlefs
manifest_hash: f428d16e6aaac5d448b0d9f11b391392e3ef890f17c23c9527874bae6d6b36d5
target: esp32p4
version: 2.0.0
