dependencies:
  espp/base_component:
    component_hash: 695b1a9985af8b7ce74f0750b46e67d82fb7e5e847bcb6f82c29c7ca52b2e297
    dependencies:
    - name: espp/logger
      registry_url: https://components.espressif.com
      require: private
      version: '>=1.0'
    - name: idf
      require: private
      version: '>=5.0'
    source:
      registry_url: https://components.espressif.com
      type: service
    version: 1.0.34
  espp/cli:
    component_hash: 1dec51f8c7367acd85c61e3e0b03e2adb43fd433bcb8924ac5f8fa395d930f3e
    dependencies:
    - name: espp/logger
      registry_url: https://components.espressif.com
      require: private
      version: '>=1.0'
    - name: idf
      require: private
      version: '>=5.0'
    source:
      registry_url: https://components.espressif.com
      type: service
    version: 1.0.34
  espp/file_system:
    component_hash: 61724be278a9052bfb7903461eaca151041914d4b453d907c6685360a5f058ef
    dependencies:
    - name: espp/base_component
      registry_url: https://components.espressif.com
      require: private
      version: '>=1.0'
    - name: idf
      require: private
      version: '>=5.0'
    - name: joltwallet/littlefs
      registry_url: https://components.espressif.com
      require: private
      version: 1.20.1
    source:
      registry_url: https://components.espressif.com
      type: service
    version: 1.0.34
  espp/format:
    component_hash: 0bcf9e24c5748d8de5c5368941baed281b4951f68a84f1f20a178535c4e2da4b
    dependencies:
    - name: idf
      require: private
      version: '>=5.0'
    source:
      registry_url: https://components.espressif.com
      type: service
    version: 1.0.34
  espp/ftp:
    component_hash: fe9203ec4b69d123f4aec3cd5ab3dd6c80cf921310edbea3aef0372fb09a44d7
    dependencies:
    - name: espp/base_component
      registry_url: https://components.espressif.com
      require: private
      version: '>=1.0'
    - name: espp/file_system
      registry_url: https://components.espressif.com
      require: private
      version: '>=1.0'
    - name: espp/socket
      registry_url: https://components.espressif.com
      require: private
      version: '>=1.0'
    - name: espp/task
      registry_url: https://components.espressif.com
      require: private
      version: '>=1.0'
    - name: idf
      require: private
      version: '>=5.0'
    source:
      registry_url: https://components.espressif.com/
      type: service
    version: 1.0.34
  espp/logger:
    component_hash: 5ce7b81bbc402def13d580d9a9763b142118dd466903a3895d6dbcb1aa1cfb91
    dependencies:
    - name: espp/format
      registry_url: https://components.espressif.com
      require: private
      version: '>=1.0'
    - name: idf
      require: private
      version: '>=5.0'
    source:
      registry_url: https://components.espressif.com
      type: service
    version: 1.0.34
  espp/rtsp:
    component_hash: 00280e0d97f15f2fde04f13ad0d04a4573c786aed6b56df710ebaf6f3d318e01
    dependencies:
    - name: espp/base_component
      registry_url: https://components.espressif.com
      require: private
      version: '>=1.0'
    - name: espp/socket
      registry_url: https://components.espressif.com
      require: private
      version: '>=1.0'
    - name: espp/task
      registry_url: https://components.espressif.com
      require: private
      version: '>=1.0'
    - name: idf
      require: private
      version: '>=5.0'
    source:
      registry_url: https://components.espressif.com/
      type: service
    version: 1.0.34
  espp/socket:
    component_hash: ae0a26e902472a82ca4755dd8c19879f18fe4e74a61ff6bb7013651e59e45080
    dependencies:
    - name: espp/base_component
      registry_url: https://components.espressif.com
      require: private
      version: '>=1.0'
    - name: espp/task
      registry_url: https://components.espressif.com
      require: private
      version: '>=1.0'
    - name: idf
      require: private
      version: '>=5.0'
    source:
      registry_url: https://components.espressif.com
      type: service
    version: 1.0.34
  espp/task:
    component_hash: dbc4f984fd75947bb6578a24ad865dc2eb4a31b0e234be13899d09595a64c0cb
    dependencies:
    - name: espp/base_component
      registry_url: https://components.espressif.com
      require: private
      version: '>=1.0'
    - name: idf
      require: private
      version: '>=5.0'
    source:
      registry_url: https://components.espressif.com
      type: service
    version: 1.0.34
  espp/wifi:
    component_hash: ede61bae5de94cd703b67a0a6648a1ed7d346c6deea1a93f0516de8c5d357d88
    dependencies:
    - name: espp/base_component
      registry_url: https://components.espressif.com
      require: private
      version: '>=1.0'
    - name: espp/cli
      registry_url: https://components.espressif.com
      require: private
      version: '>=1.0'
    - name: idf
      require: private
      version: '>=5.0'
    source:
      registry_url: https://components.espressif.com/
      type: service
    version: 1.0.34
  espressif/cjson:
    component_hash: 9372811fb197926f522c467627cf4a8e72b681e0366e17879631da801103aef3
    dependencies:
    - name: idf
      require: private
      version: '>=5.0'
    source:
      registry_url: https://components.espressif.com/
      type: service
    version: 1.7.19
  espressif/cmake_utilities:
    component_hash: 351350613ceafba240b761b4ea991e0f231ac7a9f59a9ee901f751bddc0bb18f
    dependencies:
    - name: idf
      require: private
      version: '>=4.1'
    source:
      registry_url: https://components.espressif.com
      type: service
    version: 0.5.3
  espressif/dl_fft:
    component_hash: 7dadbd644c0d7ba4733cc3726ec4cff6edf27b043725e1115861dec1609a3d28
    dependencies:
    - name: idf
      require: private
      version: '>=5.0'
    source:
      registry_url: https://components.espressif.com
      type: service
    version: 0.3.1
  espressif/eppp_link:
    component_hash: 9472e6825f4bb71eca2b39cf1bc92659c1ac60bfd7416560ad033a7dd8641b17
    dependencies:
    - name: espressif/esp_serial_slave_link
      registry_url: https://components.espressif.com
      require: private
      version: ^1.1.0
    - name: idf
      require: private
      version: '>=5.2'
    source:
      registry_url: https://components.espressif.com
      type: service
    version: 1.1.4
  espressif/esp-dsp:
    component_hash: 619639efc18cfa361a9e423739b9b0ffc14991effc6c027f955c2f2c3bf1754b
    dependencies:
    - name: idf
      require: private
      version: '>=4.2'
    source:
      registry_url: https://components.espressif.com
      type: service
    version: 1.6.0
  espressif/esp-sr:
    component_hash: 12733d9b4aef5d5e295f35c4671835d605992d00583fcd2f8d21166f62c6b071
    dependencies:
    - name: espressif/dl_fft
      registry_url: https://components.espressif.com
      require: private
      version: '>=0.2.0'
    - name: espressif/esp-dsp
      registry_url: https://components.espressif.com
      require: private
      version: 1.6.0
    - name: idf
      require: private
      version: '>=5.0'
    source:
      registry_url: https://components.espressif.com
      type: service
    version: 2.1.5
  espressif/esp_audio_codec:
    component_hash: 04c2f0d5eca207cdfabd3aafc50ef4bca53532115ddf7689e5cfabd00eb88b02
    dependencies:
    - name: idf
      require: private
      version: '>=4.4'
    source:
      registry_url: https://components.espressif.com
      type: service
    version: 2.3.0
  espressif/esp_audio_effects:
    component_hash: 54af7c9a4f40703325482660ffb3a8b5f66fa56cb92f6db220f8b11ec2b6a32b
    dependencies: []
    source:
      registry_url: https://components.espressif.com
      type: service
    version: 1.1.0
  espressif/esp_board_manager:
    component_hash: 60eb970476247d52848b767ee7fef5bd126e0add5109a6a56a9664a9cfdc0904
    dependencies:
    - matches:
      - if: $CONFIG{ESP_BOARD_DEV_BUTTON_SUPPORT} == True
      name: espressif/button
      registry_url: https://components.espressif.com
      require: private
      version: ^4.1.4
    - matches:
      - if: $CONFIG{ESP_BOARD_DEV_AUDIO_CODEC_SUPPORT} == True
      name: espressif/esp_codec_dev
      registry_url: https://components.espressif.com
      require: private
      version: ~1.5
    - matches:
      - if: $CONFIG{ESP_BOARD_DEV_GPIO_EXPANDER_SUPPORT} == True
      name: espressif/esp_io_expander
      registry_url: https://components.espressif.com
      require: private
      version: ^1.0.1
    - matches:
      - if: $CONFIG{ESP_BOARD_DEV_LCD_TOUCH_I2C_SUPPORT} == True
      name: espressif/esp_lcd_touch
      registry_url: https://components.espressif.com
      require: private
      version: '*'
    - matches:
      - if: $CONFIG{ESP_BOARD_DEV_CAMERA_SUPPORT} == True
      name: espressif/esp_video
      registry_url: https://components.espressif.com
      require: private
      version: ^1.2.0
    source:
      registry_url: https://components.espressif.com/
      type: service
    version: 0.5.2
  espressif/esp_cam_sensor:
    component_hash: db5b1c725799dced61e7b100dc027e1e59558c9973d7e1ed8ce42a5ec89da31c
    dependencies:
    - name: espressif/cmake_utilities
      registry_url: https://components.espressif.com
      require: private
      version: 0.*
    - name: espressif/esp_sccb_intf
      registry_url: https://components.espressif.com
      require: private
      version: '>=0.0.5'
    - name: idf
      require: private
      version: '>=5.3'
    source:
      registry_url: https://components.espressif.com
      type: service
    targets:
    - esp32p4
    - esp32s3
    - esp32c3
    - esp32c5
    - esp32c6
    - esp32c61
    version: 1.7.0
  espressif/esp_capture:
    component_hash: cbca2ae239b6a7365dfd86afe75f321be0c3f3d555e96a3c99ddb564a6f06102
    dependencies:
    - name: espressif/cmake_utilities
      registry_url: https://components.espressif.com
      require: private
      version: 0.*
    - name: espressif/esp-sr
      registry_url: https://components.espressif.com
      require: private
      version: 2.1.5
    - name: espressif/esp32-camera
      registry_url: https://components.espressif.com
      require: private
      rules:
      - if: target in [esp32s3, esp32s2]
      version: ^2.0
    - name: espressif/esp_codec_dev
      registry_url: https://components.espressif.com
      require: private
      version: ^1.3
    - name: espressif/esp_muxer
      registry_url: https://components.espressif.com
      require: private
      version: ^1.1
    - name: espressif/esp_video
      registry_url: https://components.espressif.com
      require: private
      rules:
      - if: target in [esp32p4]
      version: ^1.0
    - name: espressif/gmf_audio
      registry_url: https://components.espressif.com
      require: private
      version: ^0.7
    - name: espressif/gmf_video
      registry_url: https://components.espressif.com
      require: private
      version: ^0.7
    - name: idf
      require: private
      version: '>=4.4'
    source:
      registry_url: https://components.espressif.com/
      type: service
    version: 0.7.8~1
  espressif/esp_codec_dev:
    component_hash: 0d9e9bc288156eb55f79338d312e1ebf8c9dfbd5e7d13ef0f20ccb031b4e15cf
    dependencies:
    - name: idf
      require: private
      version: '>=4.0'
    source:
      registry_url: https://components.espressif.com
      type: service
    version: 1.5.4
  espressif/esp_h264:
    component_hash: fa5daaebc8a304f0b79bc57e51aab43e0a03eabc2ba3865bff4063c56b5d4564
    dependencies:
    - name: idf
      require: private
      version: '>=4.4'
    source:
      registry_url: https://components.espressif.com
      type: service
    version: 1.0.4
  espressif/esp_hosted:
    component_hash: ec3737beb3bb6a2772e1a33a0cec7dfba372794942e2ba0f5f589e1644ed65ec
    dependencies:
    - name: idf
      require: private
      version: '>=5.3'
    source:
      registry_url: https://components.espressif.com/
      type: service
    version: 2.8.3
  espressif/esp_image_effects:
    component_hash: a35037db02862d3cef6f72c25f422ae62da6e6c88219ce03c9ea24e0315ceaaa
    dependencies:
    - name: idf
      require: private
      version: '>=5.0'
    source:
      registry_url: https://components.espressif.com
      type: service
    version: 1.0.1
  espressif/esp_ipa:
    component_hash: 31003e536f0d26158e10d7fcf2448b6377ce1148518287d0f34ed3b6c942c6d8
    dependencies:
    - name: espressif/cmake_utilities
      registry_url: https://components.espressif.com
      require: private
      version: 0.*
    - name: idf
      require: private
      version: '>=5.4'
    source:
      registry_url: https://components.espressif.com
      type: service
    targets:
    - esp32p4
    version: 1.3.1
  espressif/esp_muxer:
    component_hash: 0e3f27c1ec96035c846b9ccc262190045e93b721defe13060d0e4ab712d98852
    dependencies:
    - name: idf
      require: private
      version: '>=4.4'
    source:
      registry_url: https://components.espressif.com
      type: service
    version: 1.2.0
  espressif/esp_new_jpeg:
    component_hash: 2f06f88e94fbc781b26a9be4291ff4ffc88596c90436a1e1358a7a38296b44ae
    dependencies: []
    source:
      registry_url: https://components.espressif.com
      type: service
    targets:
    - esp32
    - esp32s2
    - esp32s3
    - esp32p4
    - esp32c2
    - esp32c3
    - esp32c5
    - esp32c6
    version: 1.0.0
  espressif/esp_sccb_intf:
    component_hash: c071b189e49f40940722aea01a5489f873385cc39cd5b14012341135b85d1a9d
    dependencies:
    - name: idf
      require: private
      version: '>=5.3'
    source:
      registry_url: https://components.espressif.com
      type: service
    version: 0.0.8
  espressif/esp_serial_slave_link:
    component_hash: ac1776806de0a6e371c84e87898bb983e19ce62aa7f1e2e5c4a3b0234a575d2c
    dependencies:
    - name: idf
      require: private
      version: '>=5.0'
    source:
      registry_url: https://components.espressif.com
      type: service
    version: 1.1.2
  espressif/esp_video:
    component_hash: 2239aed49fa4eb1efdf3b0c2b95b05c03fc8b363c101bc2cd70f5e3bcd3c7cc4
    dependencies:
    - name: espressif/cmake_utilities
      registry_url: https://components.espressif.com
      require: private
      version: 0.*
    - name: espressif/esp_cam_sensor
      registry_url: https://components.espressif.com
      require: private
      version: 1.7.*
    - name: espressif/esp_h264
      registry_url: https://components.espressif.com
      require: private
      rules:
      - if: target in [esp32p4]
      version: 1.0.4
    - name: espressif/esp_ipa
      registry_url: https://components.espressif.com
      require: private
      rules:
      - if: target in [esp32p4]
      version: 1.3.*
    - name: idf
      require: private
      version: '>=5.4'
    - name: espressif/usb_host_uvc
      registry_url: https://components.espressif.com
      require: private
      rules:
      - if: target in [esp32p4, esp32s3]
      version: 2.4.*
    source:
      registry_url: https://components.espressif.com
      type: service
    targets:
    - esp32p4
    - esp32s3
    - esp32c3
    - esp32c5
    - esp32c6
    - esp32c61
    version: 1.4.1
  espressif/esp_video_codec:
    component_hash: 745400b1520aa7acc98b6881324a7ca7c87097724dc6b9f883e0f89f61d16fae
    dependencies:
    - name: espressif/esp_h264
      registry_url: https://components.espressif.com
      require: private
      rules:
      - if: target in [esp32p4, esp32s3]
      version: '*'
    - name: espressif/esp_new_jpeg
      registry_url: https://components.espressif.com
      require: private
      rules:
      - if: target in [esp32, esp32s2, esp32s3, esp32p4, esp32c2, esp32c3, esp32c5,
          esp32c6]
      version: '*'
    - name: idf
      require: private
      version: '>=4.4'
    source:
      registry_url: https://components.espressif.com
      type: service
    version: 0.5.3
  espressif/esp_wifi_remote:
    component_hash: 655ca258940f71c102e035af65181f24f4bd989e0b60c8e96a1c70513b81fb25
    dependencies:
    - name: idf
      require: private
      version: '>=5.3'
    - name: espressif/esp_hosted
      registry_url: https://components.espressif.com
      require: private
      rules:
      - if: target in [esp32h2, esp32p4]
      version: '>=0.0.6'
    - name: espressif/wifi_remote_over_eppp
      registry_url: https://components.espressif.com
      require: private
      version: '>=0.1'
    source:
      registry_url: https://components.espressif.com/
      type: service
    version: 1.2.2
  espressif/gmf_ai_audio:
    component_hash: 2356f1656d1297ba9af0d319b19858a42e8421bbcbf62719539d347d8fe51a27
    dependencies:
    - name: espressif/esp-sr
      registry_url: https://components.espressif.com
      require: private
      version: 2.1.5
    - name: espressif/gmf_core
      registry_url: https://components.espressif.com
      require: private
      version: ^0.7
    source:
      registry_url: https://components.espressif.com
      type: service
    version: 0.7.5
  espressif/gmf_app_utils:
    component_hash: e4d17c9d065eae7ff3bb28bf95756bd8b55054556cf0305a5def727919e129eb
    dependencies:
    - name: espressif/esp_board_manager
      registry_url: https://components.espressif.com
      require: private
      version: ^0.5.0
    - name: espressif/gmf_core
      registry_url: https://components.espressif.com
      require: private
      version: ^0.7
    source:
      registry_url: https://components.espressif.com/
      type: service
    version: 0.7.8~1
  espressif/gmf_audio:
    component_hash: 7d51b18cbfe05670d92e63f87538c795ce0e9350c86e278996d51c09aa4b30e8
    dependencies:
    - name: espressif/esp_audio_codec
      registry_url: https://components.espressif.com
      require: private
      version: ~2.3
    - name: espressif/esp_audio_effects
      registry_url: https://components.espressif.com
      require: private
      version: ~1.1
    - name: espressif/gmf_core
      registry_url: https://components.espressif.com
      require: private
      version: ^0.7
    source:
      registry_url: https://components.espressif.com
      type: service
    version: 0.7.2
  espressif/gmf_core:
    component_hash: c93ce72be18e9c86380a0ce65929c23eb377c853fc58a888889e58b3f3624aed
    dependencies: []
    source:
      registry_url: https://components.espressif.com
      type: service
    version: 0.7.9
  espressif/gmf_io:
    component_hash: 2915da1958dc8ff584bd3920a0061b13dfc64b068d3ce68a49597fe5e90bac6f
    dependencies:
    - name: espressif/esp_codec_dev
      registry_url: https://components.espressif.com
      require: private
      version: ^1.4
    - name: espressif/gmf_core
      registry_url: https://components.espressif.com
      require: private
      version: ^0.7
    source:
      registry_url: https://components.espressif.com
      type: service
    version: 0.7.6
  espressif/gmf_loader:
    component_hash: 3a45c66f0c9f5b7635b9575df9b740f25d20db1f21e76d5aadad7da2c208a6ff
    dependencies:
    - name: espressif/esp_audio_codec
      registry_url: https://components.espressif.com
      require: private
      version: ^2.2
    - name: espressif/esp_codec_dev
      registry_url: https://components.espressif.com
      require: private
      version: ^1.3.4
    - name: espressif/esp_video_codec
      registry_url: https://components.espressif.com
      require: private
      version: ~0.5.2
    - name: espressif/gmf_ai_audio
      registry_url: https://components.espressif.com
      require: private
      version: ^0.7
    - name: espressif/gmf_audio
      registry_url: https://components.espressif.com
      require: private
      version: ^0.7
    - name: espressif/gmf_core
      registry_url: https://components.espressif.com
      require: private
      version: ^0.7
    - name: espressif/gmf_io
      registry_url: https://components.espressif.com
      require: private
      version: ^0.7
    - name: espressif/gmf_misc
      registry_url: https://components.espressif.com
      require: private
      version: ^0.7
    - name: espressif/gmf_video
      registry_url: https://components.espressif.com
      require: private
      version: ^0.7
    source:
      registry_url: https://components.espressif.com/
      type: service
    version: 0.7.3~1
  espressif/gmf_misc:
    component_hash: 2e03ac6fcd5738e9f21b35f9ff7c353713a43e62bb4e77504d53fc5fb50666f3
    dependencies:
    - name: espressif/gmf_core
      registry_url: https://components.espressif.com
      require: private
      version: '>=0.7'
    source:
      registry_url: https://components.espressif.com
      type: service
    version: 0.7.0
  espressif/gmf_video:
    component_hash: f846518801ae7e748ecde24e5ac4b21518ca42fffb533b9d9d67a4cd7ed2c3b8
    dependencies:
    - name: espressif/esp_image_effects
      registry_url: https://components.espressif.com
      require: private
      version: ~1.0.0
    - name: espressif/esp_video_codec
      registry_url: https://components.espressif.com
      require: private
      version: ~0.5.2
    - name: espressif/gmf_core
      registry_url: https://components.espressif.com
      require: private
      version: ~0.7.0
    source:
      registry_url: https://components.espressif.com
      type: service
    version: 0.7.1
  espressif/usb_host_uvc:
    component_hash: 197eae0d1dd5ddec773704653e0ff70e81126b8ccdb62e034ed239f755adb48c
    dependencies:
    - name: idf
      require: private
      version: '>=5.0'
    - name: espressif/usb
      registry_url: https://components.espressif.com
      require: public
      rules:
      - if: idf_version >=6.0
      - if: target not in ["linux"]
      version: ^1.0.0
    source:
      registry_url: https://components.espressif.com
      type: service
    targets:
    - esp32s2
    - esp32s3
    - esp32p4
    - esp32h4
    - linux
    version: 2.4.1
  espressif/wifi_remote_over_eppp:
    component_hash: ac4d13625cc9f88597cd612d2758580fac287d8ec731b606f2a0720d28cda6cd
    dependencies:
    - name: espressif/eppp_link
      registry_url: https://components.espressif.com
      require: private
      version: '>=0.1'
    - name: idf
      require: private
      version: '>=5.3'
    source:
      registry_url: https://components.espressif.com
      type: service
    version: 0.3.1
  idf:
    source:
      type: idf
    version: 5.5.2
  joltwallet/littlefs:
    component_hash: 8e12955f47e27e6070b76715a96d6c75fc2b44f069e8c33679332d9bdd3120c4
    dependencies:
    - name: idf
      require: private
      version: '>=5.0'
    source:
      registry_url: https://components.espressif.com
      type: service
    version: 1.20.1
direct_dependencies:
- espp/ftp
- espp/rtsp
- espp/wifi
- espressif/cjson
- espressif/esp_board_manager
- espressif/esp_capture
- espressif/esp_hosted
- espressif/esp_wifi_remote
- espressif/gmf_app_utils
- espressif/gmf_loader
- idf
manifest_hash: 5da36353f1c16de72f0d5e7e4e77521c648dd169ffcc1e2ea0a4ca69d0105095
target: esp32p4
version: 2.0.0
